<?xml version="1.0" encoding="utf-8"?>
<Project ToolsVersion="4.0" xmlns="http://schemas.microsoft.com/developer/msbuild/2003">
  <ItemGroup>
    <Filter Include="framework">
      <UniqueIdentifier>{93995380-89BD-4b04-88EB-625FBE52EBFB}</UniqueIdentifier>
      <Extensions>h;hh;hpp;hxx;hm;inl;inc;xsd</Extensions>
    </Filter>
    <Filter Include="framework\Debug">
      <UniqueIdentifier>{e6ea8da0-52c3-4bba-847c-60b0f8db39d2}</UniqueIdentifier>
    </Filter>
    <Filter Include="framework\Game">
      <UniqueIdentifier>{1a34157e-f2c3-4f89-9308-997544c0f5c2}</UniqueIdentifier>
    </Filter>
    <Filter Include="framework\GameObject">
      <UniqueIdentifier>{e878588f-cd0a-47e7-b6bf-aecb9edd5b4a}</UniqueIdentifier>
    </Filter>
    <Filter Include="framework\GameObject\simon">
      <UniqueIdentifier>{588d9c3e-156b-4463-aadd-46d998d63093}</UniqueIdentifier>
    </Filter>
    <Filter Include="framework\GameObject\staticobject">
      <UniqueIdentifier>{cbca19e0-5e28-4df0-845c-2ad3320e3607}</UniqueIdentifier>
    </Filter>
    <Filter Include="framework\GameObject\weapon">
      <UniqueIdentifier>{10f4865e-3b73-41ce-bcf2-13ef600e84fc}</UniqueIdentifier>
    </Filter>
    <Filter Include="framework\GameObject\item">
      <UniqueIdentifier>{7fb3aeef-1e21-4fc2-adf4-b37cc00e5a74}</UniqueIdentifier>
    </Filter>
    <Filter Include="framework\GameObject\hidenobject">
      <UniqueIdentifier>{2d1761d7-8bc8-4331-8a92-2d04b91ada56}</UniqueIdentifier>
    </Filter>
    <Filter Include="framework\GameObject\enemy">
      <UniqueIdentifier>{ff3423da-9741-4002-8810-b207bd60ae99}</UniqueIdentifier>
    </Filter>
    <Filter Include="framework\GameObject\enemy\Enemy_shot">
      <UniqueIdentifier>{0c8e5937-8c84-41e1-ae8d-01006009da4b}</UniqueIdentifier>
    </Filter>
    <Filter Include="framework\ManagementTexture">
      <UniqueIdentifier>{00e5f65a-0348-4df4-9feb-7796ee74b8d3}</UniqueIdentifier>
    </Filter>
    <Filter Include="framework\Scene">
      <UniqueIdentifier>{0c145e05-bca0-4d27-83e3-c2e52e0d9e1a}</UniqueIdentifier>
    </Filter>
    <Filter Include="framework\Define">
      <UniqueIdentifier>{62e63776-dc63-4ba0-afb9-b0dedba7f62d}</UniqueIdentifier>
    </Filter>
    <Filter Include="framework\Board">
      <UniqueIdentifier>{c52ff502-f3da-4b46-aacc-1b955b644afd}</UniqueIdentifier>
    </Filter>
    <Filter Include="framework\Board\Code">
      <UniqueIdentifier>{754e7344-acbf-4724-8130-341a77bd6591}</UniqueIdentifier>
    </Filter>
    <Filter Include="framework\Map">
      <UniqueIdentifier>{94b2a06d-d0c2-4910-9932-14f4a0b3eaf2}</UniqueIdentifier>
    </Filter>
    <Filter Include="framework\Grid">
      <UniqueIdentifier>{04e18c47-6852-4157-b556-c893806ca8a8}</UniqueIdentifier>
    </Filter>
    <Filter Include="framework\GameObject\Effection">
      <UniqueIdentifier>{c5a08262-6dea-490c-8d4b-b4c520be2875}</UniqueIdentifier>
    </Filter>
    <Filter Include="framework\ManagementTexture\XML">
      <UniqueIdentifier>{4FC737F1-C7A5-4376-A066-2A32D752A2FF}</UniqueIdentifier>
      <Extensions>cpp;c;cc;cxx;def;odl;idl;hpj;bat;asm;asmx</Extensions>
    </Filter>
    <Filter Include="framework\Sound">
      <UniqueIdentifier>{c9a10ddc-1602-4a2b-a399-bfbe52a09fea}</UniqueIdentifier>
    </Filter>
  </ItemGroup>
  <ItemGroup>
    <ClInclude Include="Brick.h">
      <Filter>framework\GameObject\staticobject</Filter>
    </ClInclude>
    <ClInclude Include="debug.h">
      <Filter>framework\Debug</Filter>
    </ClInclude>
    <ClInclude Include="Map.h">
      <Filter>framework\Map</Filter>
    </ClInclude>
    <ClInclude Include="MagagementTexture.h">
      <Filter>framework\ManagementTexture</Filter>
    </ClInclude>
    <ClInclude Include="Torch.h">
      <Filter>framework\GameObject\staticobject</Filter>
    </ClInclude>
    <ClInclude Include="Dagger.h">
      <Filter>framework\GameObject\weapon</Filter>
    </ClInclude>
    <ClInclude Include="VampireKiller.h">
      <Filter>framework\GameObject\weapon</Filter>
    </ClInclude>
    <ClInclude Include="Weapon.h">
      <Filter>framework\GameObject\weapon</Filter>
    </ClInclude>
    <ClInclude Include="Simon.h">
      <Filter>framework\GameObject\simon</Filter>
    </ClInclude>
    <ClInclude Include="Item.h">
      <Filter>framework\GameObject\item</Filter>
    </ClInclude>
    <ClInclude Include="ItemDagger.h">
      <Filter>framework\GameObject\item</Filter>
    </ClInclude>
    <ClInclude Include="ItemHeart.h">
      <Filter>framework\GameObject\item</Filter>
    </ClInclude>
    <ClInclude Include="WhipUpgrade.h">
      <Filter>framework\GameObject\item</Filter>
    </ClInclude>
    <ClInclude Include="Game.h">
      <Filter>framework\Game</Filter>
    </ClInclude>
    <ClInclude Include="GameObject.h">
      <Filter>framework\GameObject</Filter>
    </ClInclude>
    <ClInclude Include="Sprites.h">
      <Filter>framework\ManagementTexture</Filter>
    </ClInclude>
    <ClInclude Include="Textures.h">
      <Filter>framework\ManagementTexture</Filter>
    </ClInclude>
    <ClInclude Include="Scene.h">
      <Filter>framework\Scene</Filter>
    </ClInclude>
    <ClInclude Include="Define.h">
      <Filter>framework\Define</Filter>
    </ClInclude>
    <ClInclude Include="HidenObject.h">
      <Filter>framework\GameObject\hidenobject</Filter>
    </ClInclude>
    <ClInclude Include="Enemy.h">
      <Filter>framework\GameObject\enemy</Filter>
    </ClInclude>
    <ClInclude Include="Ghost.h">
      <Filter>framework\GameObject\enemy</Filter>
    </ClInclude>
    <ClInclude Include="Panther.h">
      <Filter>framework\GameObject\enemy</Filter>
    </ClInclude>
    <ClInclude Include="Gate.h">
      <Filter>framework\GameObject\staticobject</Filter>
    </ClInclude>
    <ClInclude Include="Bat.h">
      <Filter>framework\GameObject\enemy</Filter>
    </ClInclude>
    <ClInclude Include="Boss.h">
      <Filter>framework\GameObject\enemy</Filter>
    </ClInclude>
    <ClInclude Include="Fishman.h">
      <Filter>framework\GameObject\enemy</Filter>
    </ClInclude>
    <ClInclude Include="SmallHeart.h">
      <Filter>framework\GameObject\item</Filter>
    </ClInclude>
    <ClInclude Include="Money.h">
      <Filter>framework\GameObject\item</Filter>
    </ClInclude>
    <ClInclude Include="Board.h">
      <Filter>framework\Board</Filter>
    </ClInclude>
    <ClInclude Include="Code.h">
      <Filter>framework\Board\Code</Filter>
    </ClInclude>
    <ClInclude Include="Grid.h">
      <Filter>framework\Grid</Filter>
    </ClInclude>
    <ClInclude Include="ItemChicken.h">
      <Filter>framework\GameObject\item</Filter>
    </ClInclude>
    <ClInclude Include="SceneManager.h">
      <Filter>framework\Scene</Filter>
    </ClInclude>
    <ClInclude Include="SmallBall.h">
      <Filter>framework\GameObject\enemy\Enemy_shot</Filter>
    </ClInclude>
    <ClInclude Include="ItemBossball.h">
      <Filter>framework\GameObject\item</Filter>
    </ClInclude>
    <ClInclude Include="Axe.h">
      <Filter>framework\GameObject\weapon</Filter>
    </ClInclude>
    <ClInclude Include="ItemAxe.h">
      <Filter>framework\GameObject\item</Filter>
    </ClInclude>
    <ClInclude Include="MoneyEffection.h">
      <Filter>framework\GameObject\Effection</Filter>
    </ClInclude>
    <ClInclude Include="BrickBreak.h">
      <Filter>framework\GameObject\Effection</Filter>
    </ClInclude>
    <ClInclude Include="WaterEffection.h">
      <Filter>framework\GameObject\Effection</Filter>
    </ClInclude>
    <ClInclude Include="ItemII.h">
      <Filter>framework\GameObject\item</Filter>
    </ClInclude>
    <ClInclude Include="HolyWater.h">
      <Filter>framework\GameObject\weapon</Filter>
    </ClInclude>
    <ClInclude Include="ItemHollyWatter.h">
      <Filter>framework\GameObject\item</Filter>
    </ClInclude>
    <ClInclude Include="ItemCross.h">
      <Filter>framework\GameObject\item</Filter>
    </ClInclude>
    <ClInclude Include="ItemIII.h">
      <Filter>framework\GameObject\item</Filter>
    </ClInclude>
    <ClInclude Include="ItemVase.h">
      <Filter>framework\GameObject\item</Filter>
    </ClInclude>
    <ClInclude Include="ItemClock.h">
      <Filter>framework\GameObject\item</Filter>
    </ClInclude>
    <ClInclude Include="Boongmerang.h">
      <Filter>framework\GameObject\weapon</Filter>
    </ClInclude>
    <ClInclude Include="ItemBoongmerang.h">
      <Filter>framework\GameObject\item</Filter>
    </ClInclude>
    <ClInclude Include="XML\tinystr.h">
      <Filter>framework\ManagementTexture\XML</Filter>
    </ClInclude>
    <ClInclude Include="XML\tinyxml.h">
      <Filter>framework\ManagementTexture\XML</Filter>
    </ClInclude>
    <ClInclude Include="DSutil.h">
      <Filter>framework\Sound</Filter>
    </ClInclude>
    <ClInclude Include="dxutil.h">
      <Filter>framework\Sound</Filter>
    </ClInclude>
    <ClInclude Include="Sound.h">
      <Filter>framework\Sound</Filter>
    </ClInclude>
  </ItemGroup>
  <ItemGroup>
    <ClCompile Include="Brick.cpp">
      <Filter>framework\GameObject\staticobject</Filter>
    </ClCompile>
    <ClCompile Include="debug.cpp">
      <Filter>framework\Debug</Filter>
    </ClCompile>
    <ClCompile Include="Map.cpp">
      <Filter>framework\Map</Filter>
    </ClCompile>
    <ClCompile Include="ManagementTexture.cpp">
      <Filter>framework\ManagementTexture</Filter>
    </ClCompile>
    <ClCompile Include="Torch.cpp">
      <Filter>framework\GameObject\staticobject</Filter>
    </ClCompile>
    <ClCompile Include="Dagger.cpp">
      <Filter>framework\GameObject\weapon</Filter>
    </ClCompile>
    <ClCompile Include="VampireKiller.cpp">
      <Filter>framework\GameObject\weapon</Filter>
    </ClCompile>
    <ClCompile Include="Weapon.cpp">
      <Filter>framework\GameObject\weapon</Filter>
    </ClCompile>
    <ClCompile Include="Simon.cpp">
      <Filter>framework\GameObject\simon</Filter>
    </ClCompile>
    <ClCompile Include="Item.cpp">
      <Filter>framework\GameObject\item</Filter>
    </ClCompile>
    <ClCompile Include="ItemDagger.cpp">
      <Filter>framework\GameObject\item</Filter>
    </ClCompile>
    <ClCompile Include="ItemHeart.cpp">
      <Filter>framework\GameObject\item</Filter>
    </ClCompile>
    <ClCompile Include="WhipUpgrade.cpp">
      <Filter>framework\GameObject\item</Filter>
    </ClCompile>
    <ClCompile Include="Game.cpp">
      <Filter>framework\Game</Filter>
    </ClCompile>
    <ClCompile Include="GameObject.cpp">
      <Filter>framework\GameObject</Filter>
    </ClCompile>
    <ClCompile Include="Sprites.cpp">
      <Filter>framework\ManagementTexture</Filter>
    </ClCompile>
    <ClCompile Include="Textures.cpp">
      <Filter>framework\ManagementTexture</Filter>
    </ClCompile>
    <ClCompile Include="Scene.cpp">
      <Filter>framework\Scene</Filter>
    </ClCompile>
    <ClCompile Include="HidenObject.cpp">
      <Filter>framework\GameObject\hidenobject</Filter>
    </ClCompile>
    <ClCompile Include="Enemy.cpp">
      <Filter>framework\GameObject\enemy</Filter>
    </ClCompile>
    <ClCompile Include="Ghost.cpp">
      <Filter>framework\GameObject\enemy</Filter>
    </ClCompile>
    <ClCompile Include="Panther.cpp">
      <Filter>framework\GameObject\enemy</Filter>
    </ClCompile>
    <ClCompile Include="Gate.cpp">
      <Filter>framework\GameObject\staticobject</Filter>
    </ClCompile>
    <ClCompile Include="Bat.cpp">
      <Filter>framework\GameObject\enemy</Filter>
    </ClCompile>
    <ClCompile Include="Boss.cpp">
      <Filter>framework\GameObject\enemy</Filter>
    </ClCompile>
    <ClCompile Include="Fishman.cpp">
      <Filter>framework\GameObject\enemy</Filter>
    </ClCompile>
    <ClCompile Include="SmallHeart.cpp">
      <Filter>framework\GameObject\item</Filter>
    </ClCompile>
    <ClCompile Include="Money.cpp">
      <Filter>framework\GameObject\item</Filter>
    </ClCompile>
    <ClCompile Include="SmallBall.cpp">
      <Filter>framework\GameObject\enemy\Enemy_shot</Filter>
    </ClCompile>
    <ClCompile Include="Board.cpp">
      <Filter>framework\Board</Filter>
    </ClCompile>
    <ClCompile Include="Code.cpp">
      <Filter>framework\Board\Code</Filter>
    </ClCompile>
    <ClCompile Include="Grid.cpp">
      <Filter>framework\Grid</Filter>
    </ClCompile>
    <ClCompile Include="ItemChicken.cpp">
      <Filter>framework\GameObject\item</Filter>
    </ClCompile>
    <ClCompile Include="SceneManager.cpp">
      <Filter>framework\Scene</Filter>
    </ClCompile>
    <ClCompile Include="ItemBossBall.cpp">
      <Filter>framework\GameObject\item</Filter>
    </ClCompile>
    <ClCompile Include="Axe.cpp">
      <Filter>framework\GameObject\weapon</Filter>
    </ClCompile>
    <ClCompile Include="ItemAxe.cpp">
      <Filter>framework\GameObject\item</Filter>
    </ClCompile>
    <ClCompile Include="MoneyEffection.cpp">
      <Filter>framework\GameObject\Effection</Filter>
    </ClCompile>
    <ClCompile Include="BrickBreak.cpp">
      <Filter>framework\GameObject\Effection</Filter>
    </ClCompile>
    <ClCompile Include="WaterEffection.cpp">
      <Filter>framework\GameObject\Effection</Filter>
    </ClCompile>
    <ClCompile Include="ItemII.cpp">
      <Filter>framework\GameObject\item</Filter>
    </ClCompile>
    <ClCompile Include="HolyWater.cpp">
      <Filter>framework\GameObject\weapon</Filter>
    </ClCompile>
    <ClCompile Include="ItemHollyWatter.cpp">
      <Filter>framework\GameObject\item</Filter>
    </ClCompile>
    <ClCompile Include="ItemCross.cpp">
      <Filter>framework\GameObject\item</Filter>
    </ClCompile>
    <ClCompile Include="ItemIII.cpp">
      <Filter>framework\GameObject\item</Filter>
    </ClCompile>
    <ClCompile Include="ItemVase.cpp">
      <Filter>framework\GameObject\item</Filter>
    </ClCompile>
    <ClCompile Include="ItemClock.cpp">
      <Filter>framework\GameObject\item</Filter>
    </ClCompile>
    <ClCompile Include="Boongmerang.cpp">
      <Filter>framework\GameObject\weapon</Filter>
    </ClCompile>
    <ClCompile Include="ItemBoongmerang.cpp">
      <Filter>framework\GameObject\item</Filter>
    </ClCompile>
    <ClCompile Include="XML\tinystr.cpp">
      <Filter>framework\ManagementTexture\XML</Filter>
    </ClCompile>
    <ClCompile Include="XML\tinyxml.cpp">
      <Filter>framework\ManagementTexture\XML</Filter>
    </ClCompile>
    <ClCompile Include="XML\tinyxmlerror.cpp">
      <Filter>framework\ManagementTexture\XML</Filter>
    </ClCompile>
    <ClCompile Include="XML\tinyxmlparser.cpp">
      <Filter>framework\ManagementTexture\XML</Filter>
    </ClCompile>
    <ClCompile Include="main.cpp">
      <Filter>framework</Filter>
    </ClCompile>
    <ClCompile Include="DSutil.cpp">
      <Filter>framework\Sound</Filter>
    </ClCompile>
    <ClCompile Include="dxutil.cpp">
      <Filter>framework\Sound</Filter>
    </ClCompile>
    <ClCompile Include="Sound.cpp">
      <Filter>framework\Sound</Filter>
    </ClCompile>
    <ClCompile Include="Define.cpp">
      <Filter>framework\Define</Filter>
    </ClCompile>
  </ItemGroup>
  <ItemGroup>
    <Xml Include="Sprites.xml">
      <Filter>framework\ManagementTexture\XML</Filter>
    </Xml>
    <Xml Include="Animations.xml">
      <Filter>framework\ManagementTexture\XML</Filter>
    </Xml>
    <Xml Include="Enemies.xml">
      <Filter>framework\ManagementTexture\XML</Filter>
    </Xml>
  </ItemGroup>
</Project>